// !$*UTF8*$!
{
	archiveVersion = 1;
	classes = {
	};
	objectVersion = 50;
	objects = {

/* Begin PBXBuildFile section */
		4EEE446522B1DA98006B0B93 /* AppDelegate.swift in Sources */ = {isa = PBXBuildFile; fileRef = 4EEE446422B1DA98006B0B93 /* AppDelegate.swift */; };
		4EEE446A22B1DA98006B0B93 /* Main.storyboard in Resources */ = {isa = PBXBuildFile; fileRef = 4EEE446822B1DA98006B0B93 /* Main.storyboard */; };
		4EEE446C22B1DA99006B0B93 /* Assets.xcassets in Resources */ = {isa = PBXBuildFile; fileRef = 4EEE446B22B1DA99006B0B93 /* Assets.xcassets */; };
		4EEE446F22B1DA99006B0B93 /* LaunchScreen.storyboard in Resources */ = {isa = PBXBuildFile; fileRef = 4EEE446D22B1DA99006B0B93 /* LaunchScreen.storyboard */; };
		4EEE447C22B1DBD0006B0B93 /* ContainerController.swift in Sources */ = {isa = PBXBuildFile; fileRef = 4EEE447B22B1DBD0006B0B93 /* ContainerController.swift */; };
		4EEE447E22B1DBE5006B0B93 /* HomeController.swift in Sources */ = {isa = PBXBuildFile; fileRef = 4EEE447D22B1DBE5006B0B93 /* HomeController.swift */; };
		4EEE448022B1DBFB006B0B93 /* MenuController.swift in Sources */ = {isa = PBXBuildFile; fileRef = 4EEE447F22B1DBFB006B0B93 /* MenuController.swift */; };
/* End PBXBuildFile section */

/* Begin PBXFileReference section */
		4EEE446122B1DA98006B0B93 /* PracticeExercise.app */ = {isa = PBXFileReference; explicitFileType = wrapper.application; includeInIndex = 0; path = PracticeExercise.app; sourceTree = BUILT_PRODUCTS_DIR; };
		4EEE446422B1DA98006B0B93 /* AppDelegate.swift */ = {isa = PBXFileReference; lastKnownFileType = sourcecode.swift; path = AppDelegate.swift; sourceTree = "<group>"; };
		4EEE446922B1DA98006B0B93 /* Base */ = {isa = PBXFileReference; lastKnownFileType = file.storyboard; name = Base; path = Base.lproj/Main.storyboard; sourceTree = "<group>"; };
		4EEE446B22B1DA99006B0B93 /* Assets.xcassets */ = {isa = PBXFileReference; lastKnownFileType = folder.assetcatalog; path = Assets.xcassets; sourceTree = "<group>"; };
		4EEE446E22B1DA99006B0B93 /* Base */ = {isa = PBXFileReference; lastKnownFileType = file.storyboard; name = Base; path = Base.lproj/LaunchScreen.storyboard; sourceTree = "<group>"; };
		4EEE447022B1DA99006B0B93 /* Info.plist */ = {isa = PBXFileReference; lastKnownFileType = text.plist.xml; path = Info.plist; sourceTree = "<group>"; };
		4EEE447B22B1DBD0006B0B93 /* ContainerController.swift */ = {isa = PBXFileReference; lastKnownFileType = sourcecode.swift; path = ContainerController.swift; sourceTree = "<group>"; };
		4EEE447D22B1DBE5006B0B93 /* HomeController.swift */ = {isa = PBXFileReference; lastKnownFileType = sourcecode.swift; path = HomeController.swift; sourceTree = "<group>"; };
		4EEE447F22B1DBFB006B0B93 /* MenuController.swift */ = {isa = PBXFileReference; lastKnownFileType = sourcecode.swift; path = MenuController.swift; sourceTree = "<group>"; };
/* End PBXFileReference section */

/* Begin PBXFrameworksBuildPhase section */
		4EEE445E22B1DA98006B0B93 /* Frameworks */ = {
			isa = PBXFrameworksBuildPhase;
			buildActionMask = 2147483647;
			files = (
			);
			runOnlyForDeploymentPostprocessing = 0;
		};
/* End PBXFrameworksBuildPhase section */

/* Begin PBXGroup section */
		4EEE445822B1DA98006B0B93 = {
			isa = PBXGroup;
			children = (
				4EEE446322B1DA98006B0B93 /* PracticeExercise */,
				4EEE446222B1DA98006B0B93 /* Products */,
			);
			sourceTree = "<group>";
		};
		4EEE446222B1DA98006B0B93 /* Products */ = {
			isa = PBXGroup;
			children = (
				4EEE446122B1DA98006B0B93 /* PracticeExercise.app */,
			);
			name = Products;
			sourceTree = "<group>";
		};
		4EEE446322B1DA98006B0B93 /* PracticeExercise */ = {
			isa = PBXGroup;
			children = (
				4EEE447622B1DB04006B0B93 /* Utils */,
				4EEE447722B1DB18006B0B93 /* Model */,
				4EEE447922B1DB40006B0B93 /* View */,
				4EEE447A22B1DB50006B0B93 /* Controller */,
				4EEE446422B1DA98006B0B93 /* AppDelegate.swift */,
				4EEE446822B1DA98006B0B93 /* Main.storyboard */,
				4EEE446B22B1DA99006B0B93 /* Assets.xcassets */,
				4EEE446D22B1DA99006B0B93 /* LaunchScreen.storyboard */,
				4EEE447022B1DA99006B0B93 /* Info.plist */,
			);
			path = PracticeExercise;
			sourceTree = "<group>";
		};
		4EEE447622B1DB04006B0B93 /* Utils */ = {
			isa = PBXGroup;
			children = (
			);
			path = Utils;
			sourceTree = "<group>";
		};
		4EEE447722B1DB18006B0B93 /* Model */ = {
			isa = PBXGroup;
			children = (
			);
			path = Model;
			sourceTree = "<group>";
		};
		4EEE447922B1DB40006B0B93 /* View */ = {
			isa = PBXGroup;
			children = (
			);
			path = View;
			sourceTree = "<group>";
		};
		4EEE447A22B1DB50006B0B93 /* Controller */ = {
			isa = PBXGroup;
			children = (
				4EEE447B22B1DBD0006B0B93 /* ContainerController.swift */,
				4EEE447D22B1DBE5006B0B93 /* HomeController.swift */,
				4EEE447F22B1DBFB006B0B93 /* MenuController.swift */,
			);
			path = Controller;
			sourceTree = "<group>";
		};
/* End PBXGroup section */

/* Begin PBXNativeTarget section */
		4EEE446022B1DA98006B0B93 /* PracticeExercise */ = {
			isa = PBXNativeTarget;
			buildConfigurationList = 4EEE447322B1DA99006B0B93 /* Build configuration list for PBXNativeTarget "PracticeExercise" */;
			buildPhases = (
				4EEE445D22B1DA98006B0B93 /* Sources */,
				4EEE445E22B1DA98006B0B93 /* Frameworks */,
				4EEE445F22B1DA98006B0B93 /* Resources */,
			);
			buildRules = (
			);
			dependencies = (
			);
			name = PracticeExercise;
			productName = PracticeExercise;
			productReference = 4EEE446122B1DA98006B0B93 /* PracticeExercise.app */;
			productType = "com.apple.product-type.application";
		};
/* End PBXNativeTarget section */

/* Begin PBXProject section */
		4EEE445922B1DA98006B0B93 /* Project object */ = {
			isa = PBXProject;
			attributes = {
				LastSwiftUpdateCheck = 1020;
				LastUpgradeCheck = 1020;
				ORGANIZATIONNAME = bartosz;
				TargetAttributes = {
					4EEE446022B1DA98006B0B93 = {
						CreatedOnToolsVersion = 10.2.1;
					};
				};
			};
			buildConfigurationList = 4EEE445C22B1DA98006B0B93 /* Build configuration list for PBXProject "PracticeExercise" */;
			compatibilityVersion = "Xcode 9.3";
			developmentRegion = en;
			hasScannedForEncodings = 0;
			knownRegions = (
				en,
				Base,
			);
			mainGroup = 4EEE445822B1DA98006B0B93;
			productRefGroup = 4EEE446222B1DA98006B0B93 /* Products */;
			projectDirPath = "";
			projectRoot = "";
			targets = (
				4EEE446022B1DA98006B0B93 /* PracticeExercise */,
			);
		};
/* End PBXProject section */

/* Begin PBXResourcesBuildPhase section */
		4EEE445F22B1DA98006B0B93 /* Resources */ = {
			isa = PBXResourcesBuildPhase;
			buildActionMask = 2147483647;
			files = (
				4EEE446F22B1DA99006B0B93 /* LaunchScreen.storyboard in Resources */,
				4EEE446C22B1DA99006B0B93 /* Assets.xcassets in Resources */,
				4EEE446A22B1DA98006B0B93 /* Main.storyboard in Resources */,
			);
			runOnlyForDeploymentPostprocessing = 0;
		};
/* End PBXResourcesBuildPhase section */

/* Begin PBXSourcesBuildPhase section */
		4EEE445D22B1DA98006B0B93 /* Sources */ = {
			isa = PBXSourcesBuildPhase;
			buildActionMask = 2147483647;
			files = (
				4EEE448022B1DBFB006B0B93 /* MenuController.swift in Sources */,
				4EEE447E22B1DBE5006B0B93 /* HomeController.swift in Sources */,
				4EEE446522B1DA98006B0B93 /* AppDelegate.swift in Sources */,
				4EEE447C22B1DBD0006B0B93 /* ContainerController.swift in Sources */,
			);
			runOnlyForDeploymentPostprocessing = 0;
		};
/* End PBXSourcesBuildPhase section */

/* Begin PBXVariantGroup section */
		4EEE446822B1DA98006B0B93 /* Main.storyboard */ = {
			isa = PBXVariantGroup;
			children = (
				4EEE446922B1DA98006B0B93 /* Base */,
			);
			name = Main.storyboard;
			sourceTree = "<group>";
		};
		4EEE446D22B1DA99006B0B93 /* LaunchScreen.storyboard */ = {
			isa = PBXVariantGroup;
			children = (
				4EEE446E22B1DA99006B0B93 /* Base */,
			);
			name = LaunchScreen.storyboard;
			sourceTree = "<group>";
		};
/* End PBXVariantGroup section */

/* Begin XCBuildConfiguration section */
		4EEE447122B1DA99006B0B93 /* Debug */ = {
			isa = XCBuildConfiguration;
			buildSettings = {
				ALWAYS_SEARCH_USER_PATHS = NO;
				CLANG_ANALYZER_NONNULL = YES;
				CLANG_ANALYZER_NUMBER_OBJECT_CONVERSION = YES_AGGRESSIVE;
				CLANG_CXX_LANGUAGE_STANDARD = "gnu++14";
				CLANG_CXX_LIBRARY = "libc++";
				CLANG_ENABLE_MODULES = YES;
				CLANG_ENABLE_OBJC_ARC = YES;
				CLANG_ENABLE_OBJC_WEAK = YES;
				CLANG_WARN_BLOCK_CAPTURE_AUTORELEASING = YES;
				CLANG_WARN_BOOL_CONVERSION = YES;
				CLANG_WARN_COMMA = YES;
				CLANG_WARN_CONSTANT_CONVERSION = YES;
				CLANG_WARN_DEPRECATED_OBJC_IMPLEMENTATIONS = YES;
				CLANG_WARN_DIRECT_OBJC_ISA_USAGE = YES_ERROR;
				CLANG_WARN_DOCUMENTATION_COMMENTS = YES;
				CLANG_WARN_EMPTY_BODY = YES;
				CLANG_WARN_ENUM_CONVERSION = YES;
				CLANG_WARN_INFINITE_RECURSION = YES;
				CLANG_WARN_INT_CONVERSION = YES;
				CLANG_WARN_NON_LITERAL_NULL_CONVERSION = YES;
				CLANG_WARN_OBJC_IMPLICIT_RETAIN_SELF = YES;
				CLANG_WARN_OBJC_LITERAL_CONVERSION = YES;
				CLANG_WARN_OBJC_ROOT_CLASS = YES_ERROR;
				CLANG_WARN_RANGE_LOOP_ANALYSIS = YES;
				CLANG_WARN_STRICT_PROTOTYPES = YES;
				CLANG_WARN_SUSPICIOUS_MOVE = YES;
				CLANG_WARN_UNGUARDED_AVAILABILITY = YES_AGGRESSIVE;
				CLANG_WARN_UNREACHABLE_CODE = YES;
				CLANG_WARN__DUPLICATE_METHOD_MATCH = YES;
				CODE_SIGN_IDENTITY = "iPhone Developer";
				COPY_PHASE_STRIP = NO;
				DEBUG_INFORMATION_FORMAT = dwarf;
				ENABLE_STRICT_OBJC_MSGSEND = YES;
				ENABLE_TESTABILITY = YES;
				GCC_C_LANGUAGE_STANDARD = gnu11;
				GCC_DYNAMIC_NO_PIC = NO;
				GCC_NO_COMMON_BLOCKS = YES;
				GCC_OPTIMIZATION_LEVEL = 0;
				GCC_PREPROCESSOR_DEFINITIONS = (
					"DEBUG=1",
					"$(inherited)",
				);
				GCC_WARN_64_TO_32_BIT_CONVERSION = YES;
				GCC_WARN_ABOUT_RETURN_TYPE = YES_ERROR;
				GCC_WARN_UNDECLARED_SELECTOR = YES;
				GCC_WARN_UNINITIALIZED_AUTOS = YES_AGGRESSIVE;
				GCC_WARN_UNUSED_FUNCTION = YES;
				GCC_WARN_UNUSED_VARIABLE = YES;
				IPHONEOS_DEPLOYMENT_TARGET = 12.2;
				MTL_ENABLE_DEBUG_INFO = INCLUDE_SOURCE;
				MTL_FAST_MATH = YES;
				ONLY_ACTIVE_ARCH = YES;
				SDKROOT = iphoneos;
				SWIFT_ACTIVE_COMPILATION_CONDITIONS = DEBUG;
				SWIFT_OPTIMIZATION_LEVEL = "-Onone";
			};
			name = Debug;
		};
		4EEE447222B1DA99006B0B93 /* Release */ = {
			isa = XCBuildConfiguration;
			buildSettings = {
				ALWAYS_SEARCH_USER_PATHS = NO;
				CLANG_ANALYZER_NONNULL = YES;
				CLANG_ANALYZER_NUMBER_OBJECT_CONVERSION = YES_AGGRESSIVE;
				CLANG_CXX_LANGUAGE_STANDARD = "gnu++14";
				CLANG_CXX_LIBRARY = "libc++";
				CLANG_ENABLE_MODULES = YES;
				CLANG_ENABLE_OBJC_ARC = YES;
				CLANG_ENABLE_OBJC_WEAK = YES;
				CLANG_WARN_BLOCK_CAPTURE_AUTORELEASING = YES;
				CLANG_WARN_BOOL_CONVERSION = YES;
				CLANG_WARN_COMMA = YES;
				CLANG_WARN_CONSTANT_CONVERSION = YES;
				CLANG_WARN_DEPRECATED_OBJC_IMPLEMENTATIONS = YES;
				CLANG_WARN_DIRECT_OBJC_ISA_USAGE = YES_ERROR;
				CLANG_WARN_DOCUMENTATION_COMMENTS = YES;
				CLANG_WARN_EMPTY_BODY = YES;
				CLANG_WARN_ENUM_CONVERSION = YES;
				CLANG_WARN_INFINITE_RECURSION = YES;
				CLANG_WARN_INT_CONVERSION = YES;
				CLANG_WARN_NON_LITERAL_NULL_CONVERSION = YES;
				CLANG_WARN_OBJC_IMPLICIT_RETAIN_SELF = YES;
				CLANG_WARN_OBJC_LITERAL_CONVERSION = YES;
				CLANG_WARN_OBJC_ROOT_CLASS = YES_ERROR;
				CLANG_WARN_RANGE_LOOP_ANALYSIS = YES;
				CLANG_WARN_STRICT_PROTOTYPES = YES;
				CLANG_WARN_SUSPICIOUS_MOVE = YES;
				CLANG_WARN_UNGUARDED_AVAILABILITY = YES_AGGRESSIVE;
				CLANG_WARN_UNREACHABLE_CODE = YES;
				CLANG_WARN__DUPLICATE_METHOD_MATCH = YES;
				CODE_SIGN_IDENTITY = "iPhone Developer";
				COPY_PHASE_STRIP = NO;
				DEBUG_INFORMATION_FORMAT = "dwarf-with-dsym";
				ENABLE_NS_ASSERTIONS = NO;
				ENABLE_STRICT_OBJC_MSGSEND = YES;
				GCC_C_LANGUAGE_STANDARD = gnu11;
				GCC_NO_COMMON_BLOCKS = YES;
				GCC_WARN_64_TO_32_BIT_CONVERSION = YES;
				GCC_WARN_ABOUT_RETURN_TYPE = YES_ERROR;
				GCC_WARN_UNDECLARED_SELECTOR = YES;
				GCC_WARN_UNINITIALIZED_AUTOS = YES_AGGRESSIVE;
				GCC_WARN_UNUSED_FUNCTION = YES;
				GCC_WARN_UNUSED_VARIABLE = YES;
				IPHONEOS_DEPLOYMENT_TARGET = 12.2;
				MTL_ENABLE_DEBUG_INFO = NO;
				MTL_FAST_MATH = YES;
				SDKROOT = iphoneos;
				SWIFT_COMPILATION_MODE = wholemodule;
				SWIFT_OPTIMIZATION_LEVEL = "-O";
				VALIDATE_PRODUCT = YES;
			};
			name = Release;
		};
		4EEE447422B1DA99006B0B93 /* Debug */ = {
			isa = XCBuildConfiguration;
			buildSettings = {
				ASSETCATALOG_COMPILER_APPICON_NAME = AppIcon;
				CODE_SIGN_STYLE = Automatic;
				INFOPLIST_FILE = PracticeExercise/Info.plist;
				LD_RUNPATH_SEARCH_PATHS = (
					"$(inherited)",
					"@executable_path/Frameworks",
				);
				PRODUCT_BUNDLE_IDENTIFIER = com.ebartmedia.PracticeExercise;
				PRODUCT_NAME = "$(TARGET_NAME)";
				SWIFT_VERSION = 5.0;
				TARGETED_DEVICE_FAMILY = "1,2";
			};
			name = Debug;
		};
		4EEE447522B1DA99006B0B93 /* Release */ = {
			isa = XCBuildConfiguration;
			buildSettings = {
				ASSETCATALOG_COMPILER_APPICON_NAME = AppIcon;
				CODE_SIGN_STYLE = Automatic;
				INFOPLIST_FILE = PracticeExercise/Info.plist;
				LD_RUNPATH_SEARCH_PATHS = (
					"$(inherited)",
					"@executable_path/Frameworks",
				);
				PRODUCT_BUNDLE_IDENTIFIER = com.ebartmedia.PracticeExercise;
				PRODUCT_NAME = "$(TARGET_NAME)";
				SWIFT_VERSION = 5.0;
				TARGETED_DEVICE_FAMILY = "1,2";
			};
			name = Release;
		};
/* End XCBuildConfiguration section */

/* Begin XCConfigurationList section */
		4EEE445C22B1DA98006B0B93 /* Build configuration list for PBXProject "PracticeExercise" */ = {
			isa = XCConfigurationList;
			buildConfigurations = (
				4EEE447122B1DA99006B0B93 /* Debug */,
				4EEE447222B1DA99006B0B93 /* Release */,
			);
			defaultConfigurationIsVisible = 0;
			defaultConfigurationName = Release;
		};
		4EEE447322B1DA99006B0B93 /* Build configuration list for PBXNativeTarget "PracticeExercise" */ = {
			isa = XCConfigurationList;
			buildConfigurations = (
				4EEE447422B1DA99006B0B93 /* Debug */,
				4EEE447522B1DA99006B0B93 /* Release */,
			);
			defaultConfigurationIsVisible = 0;
			defaultConfigurationName = Release;
		};
/* End XCConfigurationList section */
	};
	rootObject = 4EEE445922B1DA98006B0B93 /* Project object */;
}
